hash: 6f39540b3ea0de1fdda1e93991d32319f3a5bc9aa9c3083164deb83b16f6b12e
updated: 2017-04-07T14:41:48.134027481-05:00
imports:
- name: github.com/gizak/termui
  version: 24acd523c756fd9728824cdfac66aad9d8982fb7
- name: github.com/maruel/panicparse
  version: ae43f192cef2add653fe1481a3070ed00a4a6981
  subpackages:
  - stack
testImports: []
